
Microsoft Visual Studio Solution File, Format Version 12.00
# Visual Studio Version 17
VisualStudioVersion = 17.7.34024.191
MinimumVisualStudioVersion = 10.0.40219.1
Project("{2150E333-8FDC-42A3-9474-1A3956D46DE8}") = "SRC", "SRC", "{07E0C76E-226F-4D7D-A726-E930859DB7A2}"
EndProject
Project("{2150E333-8FDC-42A3-9474-1A3956D46DE8}") = "02.ReglaNegocioAplicación", "02.ReglaNegocioAplicación", "{4226FC2A-E1E1-4637-BFE1-5B474AB80F18}"
EndProject
Project("{2150E333-8FDC-42A3-9474-1A3956D46DE8}") = "00.Core", "00.Core", "{1754D500-EB95-4094-9C23-6CCB9CD2DC36}"
EndProject
Project("{2150E333-8FDC-42A3-9474-1A3956D46DE8}") = "03.AdaptadorInterface", "03.AdaptadorInterface", "{A0C94F85-606C-408B-AA10-4E8E038AB77A}"
EndProject
Project("{2150E333-8FDC-42A3-9474-1A3956D46DE8}") = "04.Marcos_Controladores", "04.Marcos_Controladores", "{529E0FFC-9FB9-41C8-AFCC-84432353790C}"
EndProject
Project("{2150E333-8FDC-42A3-9474-1A3956D46DE8}") = "01.ReglaNegocioEmpresarial", "01.ReglaNegocioEmpresarial", "{BAB99331-F5F9-423A-A4D8-EE448BC274B4}"
EndProject
Project("{9A19103F-16F7-4668-BE54-9A1E7A4F7556}") = "CRUD.Entidades", "CRUD.Entidades\CRUD.Entidades.csproj", "{3A3B7B4F-C436-4DA1-9675-45D9B16391D6}"
EndProject
Project("{2150E333-8FDC-42A3-9474-1A3956D46DE8}") = "ObjetoNegocio", "ObjetoNegocio", "{3CDBD679-99A9-4463-BD82-CF71CCEF476C}"
EndProject
Project("{9A19103F-16F7-4668-BE54-9A1E7A4F7556}") = "ClientesPedidos.ObjetoNegocio", "ClientesPedidos.ObjetoNegocio\ClientesPedidos.ObjetoNegocio.csproj", "{73A2356B-B571-4347-8B35-4B91F5FE7DE1}"
EndProject
Project("{2150E333-8FDC-42A3-9474-1A3956D46DE8}") = "Elementos de la solución", "Elementos de la solución", "{7F98EDE1-7405-457A-849C-11640C669501}"
	ProjectSection(SolutionItems) = preProject
		.gitignore = .gitignore
	EndProjectSection
EndProject
Project("{2150E333-8FDC-42A3-9474-1A3956D46DE8}") = "UseCases", "UseCases", "{20D60E56-34B6-45B0-A5B4-1057CB0CFB06}"
EndProject
Project("{FAE04EC0-301F-11D3-BF4B-00C04F79EFBC}") = "PanificadoraUseCases", "PanificadoraUseCases\PanificadoraUseCases.csproj", "{6072A1AE-DE7E-4176-8657-743671F46028}"
EndProject
Global
	GlobalSection(SolutionConfigurationPlatforms) = preSolution
		Debug|Any CPU = Debug|Any CPU
		Release|Any CPU = Release|Any CPU
	EndGlobalSection
	GlobalSection(ProjectConfigurationPlatforms) = postSolution
		{3A3B7B4F-C436-4DA1-9675-45D9B16391D6}.Debug|Any CPU.ActiveCfg = Debug|Any CPU
		{3A3B7B4F-C436-4DA1-9675-45D9B16391D6}.Debug|Any CPU.Build.0 = Debug|Any CPU
		{3A3B7B4F-C436-4DA1-9675-45D9B16391D6}.Release|Any CPU.ActiveCfg = Release|Any CPU
		{3A3B7B4F-C436-4DA1-9675-45D9B16391D6}.Release|Any CPU.Build.0 = Release|Any CPU
		{73A2356B-B571-4347-8B35-4B91F5FE7DE1}.Debug|Any CPU.ActiveCfg = Debug|Any CPU
		{73A2356B-B571-4347-8B35-4B91F5FE7DE1}.Debug|Any CPU.Build.0 = Debug|Any CPU
		{73A2356B-B571-4347-8B35-4B91F5FE7DE1}.Release|Any CPU.ActiveCfg = Release|Any CPU
		{73A2356B-B571-4347-8B35-4B91F5FE7DE1}.Release|Any CPU.Build.0 = Release|Any CPU
		{6072A1AE-DE7E-4176-8657-743671F46028}.Debug|Any CPU.ActiveCfg = Debug|Any CPU
		{6072A1AE-DE7E-4176-8657-743671F46028}.Debug|Any CPU.Build.0 = Debug|Any CPU
		{6072A1AE-DE7E-4176-8657-743671F46028}.Release|Any CPU.ActiveCfg = Release|Any CPU
		{6072A1AE-DE7E-4176-8657-743671F46028}.Release|Any CPU.Build.0 = Release|Any CPU
	EndGlobalSection
	GlobalSection(SolutionProperties) = preSolution
		HideSolutionNode = FALSE
	EndGlobalSection
	GlobalSection(NestedProjects) = preSolution
		{4226FC2A-E1E1-4637-BFE1-5B474AB80F18} = {1754D500-EB95-4094-9C23-6CCB9CD2DC36}
		{1754D500-EB95-4094-9C23-6CCB9CD2DC36} = {07E0C76E-226F-4D7D-A726-E930859DB7A2}
		{A0C94F85-606C-408B-AA10-4E8E038AB77A} = {07E0C76E-226F-4D7D-A726-E930859DB7A2}
		{529E0FFC-9FB9-41C8-AFCC-84432353790C} = {07E0C76E-226F-4D7D-A726-E930859DB7A2}
		{BAB99331-F5F9-423A-A4D8-EE448BC274B4} = {1754D500-EB95-4094-9C23-6CCB9CD2DC36}
		{3A3B7B4F-C436-4DA1-9675-45D9B16391D6} = {BAB99331-F5F9-423A-A4D8-EE448BC274B4}
		{3CDBD679-99A9-4463-BD82-CF71CCEF476C} = {4226FC2A-E1E1-4637-BFE1-5B474AB80F18}
		{73A2356B-B571-4347-8B35-4B91F5FE7DE1} = {3CDBD679-99A9-4463-BD82-CF71CCEF476C}
		{20D60E56-34B6-45B0-A5B4-1057CB0CFB06} = {4226FC2A-E1E1-4637-BFE1-5B474AB80F18}
		{6072A1AE-DE7E-4176-8657-743671F46028} = {20D60E56-34B6-45B0-A5B4-1057CB0CFB06}
	EndGlobalSection
	GlobalSection(ExtensibilityGlobals) = postSolution
		SolutionGuid = {26D8FFE7-1425-453D-8B62-35BB71E6AAA3}
	EndGlobalSection
EndGlobal
