
Microsoft Visual Studio Solution File, Format Version 12.00
# Visual Studio Version 17
VisualStudioVersion = 17.7.34024.191
MinimumVisualStudioVersion = 10.0.40219.1
Project("{2150E333-8FDC-42A3-9474-1A3956D46DE8}") = "SRC", "SRC", "{07E0C76E-226F-4D7D-A726-E930859DB7A2}"
EndProject
Project("{2150E333-8FDC-42A3-9474-1A3956D46DE8}") = "02.AplicationBusinessRules", "02.AplicationBusinessRules", "{4226FC2A-E1E1-4637-BFE1-5B474AB80F18}"
EndProject
Project("{2150E333-8FDC-42A3-9474-1A3956D46DE8}") = "00.Core", "00.Core", "{1754D500-EB95-4094-9C23-6CCB9CD2DC36}"
EndProject
Project("{2150E333-8FDC-42A3-9474-1A3956D46DE8}") = "03.InterfaceAdapter", "03.InterfaceAdapter", "{A0C94F85-606C-408B-AA10-4E8E038AB77A}"
EndProject
Project("{2150E333-8FDC-42A3-9474-1A3956D46DE8}") = "04.Frameworks&Drivers", "04.Frameworks&Drivers", "{529E0FFC-9FB9-41C8-AFCC-84432353790C}"
EndProject
Project("{2150E333-8FDC-42A3-9474-1A3956D46DE8}") = "01.EnterpriseBusinessRules", "01.EnterpriseBusinessRules", "{BAB99331-F5F9-423A-A4D8-EE448BC274B4}"
EndProject
Project("{9A19103F-16F7-4668-BE54-9A1E7A4F7556}") = "Panificadora.Core", "CRUD.Entidades\Panificadora.Core.csproj", "{3A3B7B4F-C436-4DA1-9675-45D9B16391D6}"
EndProject
Project("{2150E333-8FDC-42A3-9474-1A3956D46DE8}") = "BusinessObject", "BusinessObject", "{F165F9F9-29EB-4BFD-AA90-801AB2FC8E31}"
EndProject
Project("{9A19103F-16F7-4668-BE54-9A1E7A4F7556}") = "Panificadora.BusinessObject", "Pedidos.BusinessObject\Panificadora.BusinessObject.csproj", "{2CA31D84-C6E6-48A3-8E4C-D6D893B70842}"
EndProject
Project("{2150E333-8FDC-42A3-9474-1A3956D46DE8}") = "UseCases", "UseCases", "{F1ABBC54-9EE0-4600-944B-ED8881DD4140}"
EndProject
Project("{9A19103F-16F7-4668-BE54-9A1E7A4F7556}") = "Panificadora.UseCases", "Panificadora.UseCases\Panificadora.UseCases.csproj", "{A8AB2C6A-E6C8-4DD6-8EE6-79B157579A19}"
EndProject
Project("{2150E333-8FDC-42A3-9474-1A3956D46DE8}") = "Controllers", "Controllers", "{BB85D4EE-8E5B-4E9A-BC8C-A99A11263204}"
EndProject
Project("{2150E333-8FDC-42A3-9474-1A3956D46DE8}") = "DependencyInversion", "DependencyInversion", "{9D3B2B8D-8AD2-4F89-9CC2-1DC3EB91ECFD}"
EndProject
Project("{2150E333-8FDC-42A3-9474-1A3956D46DE8}") = "Getways", "Getways", "{E5661FA4-F790-4192-8D53-853B6BABB6A5}"
EndProject
Project("{2150E333-8FDC-42A3-9474-1A3956D46DE8}") = "Presenters", "Presenters", "{743165AA-7468-4AE3-A68C-2C35A63FCE72}"
EndProject
Project("{9A19103F-16F7-4668-BE54-9A1E7A4F7556}") = "Panificadora.Controllers", "Panificadora.Controllers\Panificadora.Controllers.csproj", "{81EE0C99-EC81-4271-A403-FB5356358C29}"
EndProject
Project("{9A19103F-16F7-4668-BE54-9A1E7A4F7556}") = "Panificadora.DependencyInversion", "Panificadora.DependencyInversion\Panificadora.DependencyInversion.csproj", "{5BE61FF6-F5CD-45A5-99EC-4E8E7D79C4E3}"
EndProject
Project("{2150E333-8FDC-42A3-9474-1A3956D46DE8}") = "Repository", "Repository", "{E257DEEF-FBDE-4840-9A0B-1C4E4B7B28AD}"
EndProject
Project("{9A19103F-16F7-4668-BE54-9A1E7A4F7556}") = "Panificadora.Repository", "Panificadora.Repository\Panificadora.Repository.csproj", "{8CF09951-F2A7-472A-8638-408957AAC577}"
EndProject
Project("{9A19103F-16F7-4668-BE54-9A1E7A4F7556}") = "Panificadora.Presenters", "PanificadoraPresenters\Panificadora.Presenters.csproj", "{CFE1BDB7-F919-4559-B38B-78A8C6D412D3}"
EndProject
Project("{2150E333-8FDC-42A3-9474-1A3956D46DE8}") = "WebApi", "WebApi", "{83160070-B09F-4E96-9860-2AD06939A3FE}"
EndProject
Project("{9A19103F-16F7-4668-BE54-9A1E7A4F7556}") = "Panificadora.WebApi", "Panificadora.WebApi\Panificadora.WebApi.csproj", "{CE7AD34C-ABDF-48B1-BFD2-F902EB2D62A9}"
EndProject
Global
	GlobalSection(SolutionConfigurationPlatforms) = preSolution
		Debug|Any CPU = Debug|Any CPU
		Release|Any CPU = Release|Any CPU
	EndGlobalSection
	GlobalSection(ProjectConfigurationPlatforms) = postSolution
		{3A3B7B4F-C436-4DA1-9675-45D9B16391D6}.Debug|Any CPU.ActiveCfg = Debug|Any CPU
		{3A3B7B4F-C436-4DA1-9675-45D9B16391D6}.Debug|Any CPU.Build.0 = Debug|Any CPU
		{3A3B7B4F-C436-4DA1-9675-45D9B16391D6}.Release|Any CPU.ActiveCfg = Release|Any CPU
		{3A3B7B4F-C436-4DA1-9675-45D9B16391D6}.Release|Any CPU.Build.0 = Release|Any CPU
		{2CA31D84-C6E6-48A3-8E4C-D6D893B70842}.Debug|Any CPU.ActiveCfg = Debug|Any CPU
		{2CA31D84-C6E6-48A3-8E4C-D6D893B70842}.Debug|Any CPU.Build.0 = Debug|Any CPU
		{2CA31D84-C6E6-48A3-8E4C-D6D893B70842}.Release|Any CPU.ActiveCfg = Release|Any CPU
		{2CA31D84-C6E6-48A3-8E4C-D6D893B70842}.Release|Any CPU.Build.0 = Release|Any CPU
		{A8AB2C6A-E6C8-4DD6-8EE6-79B157579A19}.Debug|Any CPU.ActiveCfg = Debug|Any CPU
		{A8AB2C6A-E6C8-4DD6-8EE6-79B157579A19}.Debug|Any CPU.Build.0 = Debug|Any CPU
		{A8AB2C6A-E6C8-4DD6-8EE6-79B157579A19}.Release|Any CPU.ActiveCfg = Release|Any CPU
		{A8AB2C6A-E6C8-4DD6-8EE6-79B157579A19}.Release|Any CPU.Build.0 = Release|Any CPU
		{81EE0C99-EC81-4271-A403-FB5356358C29}.Debug|Any CPU.ActiveCfg = Debug|Any CPU
		{81EE0C99-EC81-4271-A403-FB5356358C29}.Debug|Any CPU.Build.0 = Debug|Any CPU
		{81EE0C99-EC81-4271-A403-FB5356358C29}.Release|Any CPU.ActiveCfg = Release|Any CPU
		{81EE0C99-EC81-4271-A403-FB5356358C29}.Release|Any CPU.Build.0 = Release|Any CPU
		{5BE61FF6-F5CD-45A5-99EC-4E8E7D79C4E3}.Debug|Any CPU.ActiveCfg = Debug|Any CPU
		{5BE61FF6-F5CD-45A5-99EC-4E8E7D79C4E3}.Debug|Any CPU.Build.0 = Debug|Any CPU
		{5BE61FF6-F5CD-45A5-99EC-4E8E7D79C4E3}.Release|Any CPU.ActiveCfg = Release|Any CPU
		{5BE61FF6-F5CD-45A5-99EC-4E8E7D79C4E3}.Release|Any CPU.Build.0 = Release|Any CPU
		{8CF09951-F2A7-472A-8638-408957AAC577}.Debug|Any CPU.ActiveCfg = Debug|Any CPU
		{8CF09951-F2A7-472A-8638-408957AAC577}.Debug|Any CPU.Build.0 = Debug|Any CPU
		{8CF09951-F2A7-472A-8638-408957AAC577}.Release|Any CPU.ActiveCfg = Release|Any CPU
		{8CF09951-F2A7-472A-8638-408957AAC577}.Release|Any CPU.Build.0 = Release|Any CPU
		{CFE1BDB7-F919-4559-B38B-78A8C6D412D3}.Debug|Any CPU.ActiveCfg = Debug|Any CPU
		{CFE1BDB7-F919-4559-B38B-78A8C6D412D3}.Debug|Any CPU.Build.0 = Debug|Any CPU
		{CFE1BDB7-F919-4559-B38B-78A8C6D412D3}.Release|Any CPU.ActiveCfg = Release|Any CPU
		{CFE1BDB7-F919-4559-B38B-78A8C6D412D3}.Release|Any CPU.Build.0 = Release|Any CPU
		{CE7AD34C-ABDF-48B1-BFD2-F902EB2D62A9}.Debug|Any CPU.ActiveCfg = Debug|Any CPU
		{CE7AD34C-ABDF-48B1-BFD2-F902EB2D62A9}.Debug|Any CPU.Build.0 = Debug|Any CPU
		{CE7AD34C-ABDF-48B1-BFD2-F902EB2D62A9}.Release|Any CPU.ActiveCfg = Release|Any CPU
		{CE7AD34C-ABDF-48B1-BFD2-F902EB2D62A9}.Release|Any CPU.Build.0 = Release|Any CPU
	EndGlobalSection
	GlobalSection(SolutionProperties) = preSolution
		HideSolutionNode = FALSE
	EndGlobalSection
	GlobalSection(NestedProjects) = preSolution
		{4226FC2A-E1E1-4637-BFE1-5B474AB80F18} = {1754D500-EB95-4094-9C23-6CCB9CD2DC36}
		{1754D500-EB95-4094-9C23-6CCB9CD2DC36} = {07E0C76E-226F-4D7D-A726-E930859DB7A2}
		{A0C94F85-606C-408B-AA10-4E8E038AB77A} = {07E0C76E-226F-4D7D-A726-E930859DB7A2}
		{529E0FFC-9FB9-41C8-AFCC-84432353790C} = {07E0C76E-226F-4D7D-A726-E930859DB7A2}
		{BAB99331-F5F9-423A-A4D8-EE448BC274B4} = {1754D500-EB95-4094-9C23-6CCB9CD2DC36}
		{3A3B7B4F-C436-4DA1-9675-45D9B16391D6} = {BAB99331-F5F9-423A-A4D8-EE448BC274B4}
		{F165F9F9-29EB-4BFD-AA90-801AB2FC8E31} = {4226FC2A-E1E1-4637-BFE1-5B474AB80F18}
		{2CA31D84-C6E6-48A3-8E4C-D6D893B70842} = {F165F9F9-29EB-4BFD-AA90-801AB2FC8E31}
		{F1ABBC54-9EE0-4600-944B-ED8881DD4140} = {4226FC2A-E1E1-4637-BFE1-5B474AB80F18}
		{A8AB2C6A-E6C8-4DD6-8EE6-79B157579A19} = {F1ABBC54-9EE0-4600-944B-ED8881DD4140}
		{BB85D4EE-8E5B-4E9A-BC8C-A99A11263204} = {A0C94F85-606C-408B-AA10-4E8E038AB77A}
		{9D3B2B8D-8AD2-4F89-9CC2-1DC3EB91ECFD} = {A0C94F85-606C-408B-AA10-4E8E038AB77A}
		{E5661FA4-F790-4192-8D53-853B6BABB6A5} = {A0C94F85-606C-408B-AA10-4E8E038AB77A}
		{743165AA-7468-4AE3-A68C-2C35A63FCE72} = {A0C94F85-606C-408B-AA10-4E8E038AB77A}
		{81EE0C99-EC81-4271-A403-FB5356358C29} = {BB85D4EE-8E5B-4E9A-BC8C-A99A11263204}
		{5BE61FF6-F5CD-45A5-99EC-4E8E7D79C4E3} = {9D3B2B8D-8AD2-4F89-9CC2-1DC3EB91ECFD}
		{E257DEEF-FBDE-4840-9A0B-1C4E4B7B28AD} = {E5661FA4-F790-4192-8D53-853B6BABB6A5}
		{8CF09951-F2A7-472A-8638-408957AAC577} = {E257DEEF-FBDE-4840-9A0B-1C4E4B7B28AD}
		{CFE1BDB7-F919-4559-B38B-78A8C6D412D3} = {743165AA-7468-4AE3-A68C-2C35A63FCE72}
		{83160070-B09F-4E96-9860-2AD06939A3FE} = {529E0FFC-9FB9-41C8-AFCC-84432353790C}
		{CE7AD34C-ABDF-48B1-BFD2-F902EB2D62A9} = {83160070-B09F-4E96-9860-2AD06939A3FE}
	EndGlobalSection
	GlobalSection(ExtensibilityGlobals) = postSolution
		SolutionGuid = {26D8FFE7-1425-453D-8B62-35BB71E6AAA3}
	EndGlobalSection
EndGlobal
