
Microsoft Visual Studio Solution File, Format Version 12.00
# Visual Studio Version 17
VisualStudioVersion = 17.7.34024.191
MinimumVisualStudioVersion = 10.0.40219.1
Project("{2150E333-8FDC-42A3-9474-1A3956D46DE8}") = "SRC", "SRC", "{07E0C76E-226F-4D7D-A726-E930859DB7A2}"
EndProject
Project("{2150E333-8FDC-42A3-9474-1A3956D46DE8}") = "02.ReglaNegocioAplicación", "02.ReglaNegocioAplicación", "{4226FC2A-E1E1-4637-BFE1-5B474AB80F18}"
EndProject
Project("{2150E333-8FDC-42A3-9474-1A3956D46DE8}") = "00.Core", "00.Core", "{1754D500-EB95-4094-9C23-6CCB9CD2DC36}"
EndProject
Project("{2150E333-8FDC-42A3-9474-1A3956D46DE8}") = "01.AdaptadorInterface", "01.AdaptadorInterface", "{A0C94F85-606C-408B-AA10-4E8E038AB77A}"
EndProject
Project("{2150E333-8FDC-42A3-9474-1A3956D46DE8}") = "02.Marcos_Controladores", "02.Marcos_Controladores", "{529E0FFC-9FB9-41C8-AFCC-84432353790C}"
EndProject
Project("{2150E333-8FDC-42A3-9474-1A3956D46DE8}") = "01.ReglaNegocioEmpresarial", "01.ReglaNegocioEmpresarial", "{BAB99331-F5F9-423A-A4D8-EE448BC274B4}"
EndProject
Project("{2150E333-8FDC-42A3-9474-1A3956D46DE8}") = "ObjetoNegocio", "ObjetoNegocio", "{3CDBD679-99A9-4463-BD82-CF71CCEF476C}"
EndProject
Project("{9A19103F-16F7-4668-BE54-9A1E7A4F7556}") = "ClientesPedidos.ObjetoNegocio", "ClientesPedidos.ObjetoNegocio\ClientesPedidos.ObjetoNegocio.csproj", "{73A2356B-B571-4347-8B35-4B91F5FE7DE1}"
EndProject
Project("{2150E333-8FDC-42A3-9474-1A3956D46DE8}") = "Elementos de la solución", "Elementos de la solución", "{7F98EDE1-7405-457A-849C-11640C669501}"
	ProjectSection(SolutionItems) = preProject
		.gitignore = .gitignore
	EndProjectSection
EndProject
Project("{9A19103F-16F7-4668-BE54-9A1E7A4F7556}") = "CRUD.Entidades", "..\..\Cliente_Pedido-main\Cliente_pedidos\CRUD.Entidades\CRUD.Entidades.csproj", "{867C718E-FE37-4D79-9C16-138DBACDA543}"
EndProject
Project("{9A19103F-16F7-4668-BE54-9A1E7A4F7556}") = "ClientesPedidos.ObjetoNegocio", "..\..\Cliente_Pedido-main\Cliente_pedidos\ClientesPedidos.ObjetoNegocio\ClientesPedidos.ObjetoNegocio.csproj", "{2DA5D83F-AB93-4899-BD6A-B8CD95405D7A}"
EndProject
Global
	GlobalSection(SolutionConfigurationPlatforms) = preSolution
		Debug|Any CPU = Debug|Any CPU
		Release|Any CPU = Release|Any CPU
	EndGlobalSection
	GlobalSection(ProjectConfigurationPlatforms) = postSolution
		{73A2356B-B571-4347-8B35-4B91F5FE7DE1}.Debug|Any CPU.ActiveCfg = Debug|Any CPU
		{73A2356B-B571-4347-8B35-4B91F5FE7DE1}.Debug|Any CPU.Build.0 = Debug|Any CPU
		{73A2356B-B571-4347-8B35-4B91F5FE7DE1}.Release|Any CPU.ActiveCfg = Release|Any CPU
		{73A2356B-B571-4347-8B35-4B91F5FE7DE1}.Release|Any CPU.Build.0 = Release|Any CPU
		{867C718E-FE37-4D79-9C16-138DBACDA543}.Debug|Any CPU.ActiveCfg = Debug|Any CPU
		{867C718E-FE37-4D79-9C16-138DBACDA543}.Debug|Any CPU.Build.0 = Debug|Any CPU
		{867C718E-FE37-4D79-9C16-138DBACDA543}.Release|Any CPU.ActiveCfg = Release|Any CPU
		{867C718E-FE37-4D79-9C16-138DBACDA543}.Release|Any CPU.Build.0 = Release|Any CPU
		{2DA5D83F-AB93-4899-BD6A-B8CD95405D7A}.Debug|Any CPU.ActiveCfg = Debug|Any CPU
		{2DA5D83F-AB93-4899-BD6A-B8CD95405D7A}.Debug|Any CPU.Build.0 = Debug|Any CPU
		{2DA5D83F-AB93-4899-BD6A-B8CD95405D7A}.Release|Any CPU.ActiveCfg = Release|Any CPU
		{2DA5D83F-AB93-4899-BD6A-B8CD95405D7A}.Release|Any CPU.Build.0 = Release|Any CPU
	EndGlobalSection
	GlobalSection(SolutionProperties) = preSolution
		HideSolutionNode = FALSE
	EndGlobalSection
	GlobalSection(NestedProjects) = preSolution
		{4226FC2A-E1E1-4637-BFE1-5B474AB80F18} = {1754D500-EB95-4094-9C23-6CCB9CD2DC36}
		{1754D500-EB95-4094-9C23-6CCB9CD2DC36} = {07E0C76E-226F-4D7D-A726-E930859DB7A2}
		{A0C94F85-606C-408B-AA10-4E8E038AB77A} = {07E0C76E-226F-4D7D-A726-E930859DB7A2}
		{529E0FFC-9FB9-41C8-AFCC-84432353790C} = {07E0C76E-226F-4D7D-A726-E930859DB7A2}
		{BAB99331-F5F9-423A-A4D8-EE448BC274B4} = {1754D500-EB95-4094-9C23-6CCB9CD2DC36}
		{3CDBD679-99A9-4463-BD82-CF71CCEF476C} = {4226FC2A-E1E1-4637-BFE1-5B474AB80F18}
		{73A2356B-B571-4347-8B35-4B91F5FE7DE1} = {3CDBD679-99A9-4463-BD82-CF71CCEF476C}
		{867C718E-FE37-4D79-9C16-138DBACDA543} = {BAB99331-F5F9-423A-A4D8-EE448BC274B4}
		{2DA5D83F-AB93-4899-BD6A-B8CD95405D7A} = {3CDBD679-99A9-4463-BD82-CF71CCEF476C}
	EndGlobalSection
	GlobalSection(ExtensibilityGlobals) = postSolution
		SolutionGuid = {26D8FFE7-1425-453D-8B62-35BB71E6AAA3}
	EndGlobalSection
EndGlobal
